
Microsoft Visual Studio Solution File, Format Version 12.00
# Visual Studio Version 16
VisualStudioVersion = 16.0.30517.126
MinimumVisualStudioVersion = 10.0.40219.1
Project("{9A19103F-16F7-4668-BE54-9A1E7A4F7556}") = "BlazorApp", "BlazorApp\BlazorApp.csproj", "{F1EAA128-3DE6-4119-8E33-733554264AE8}"
EndProject
Project("{9A19103F-16F7-4668-BE54-9A1E7A4F7556}") = "BlazorStudy", "BlazorStudy\BlazorStudy.csproj", "{0656BD8F-5503-44E5-A3D8-B6E7122C9586}"
EndProject
Project("{FAE04EC0-301F-11D3-BF4B-00C04F79EFBC}") = "MyBlazorApp", "MyBlazorApp\MyBlazorApp.csproj", "{2162042C-11BD-4B5C-ADF1-E859B9841FEF}"
EndProject
Global
	GlobalSection(SolutionConfigurationPlatforms) = preSolution
		Debug|Any CPU = Debug|Any CPU
		Release|Any CPU = Release|Any CPU
	EndGlobalSection
	GlobalSection(ProjectConfigurationPlatforms) = postSolution
		{F1EAA128-3DE6-4119-8E33-733554264AE8}.Debug|Any CPU.ActiveCfg = Debug|Any CPU
		{F1EAA128-3DE6-4119-8E33-733554264AE8}.Debug|Any CPU.Build.0 = Debug|Any CPU
		{F1EAA128-3DE6-4119-8E33-733554264AE8}.Release|Any CPU.ActiveCfg = Release|Any CPU
		{F1EAA128-3DE6-4119-8E33-733554264AE8}.Release|Any CPU.Build.0 = Release|Any CPU
		{0656BD8F-5503-44E5-A3D8-B6E7122C9586}.Debug|Any CPU.ActiveCfg = Debug|Any CPU
		{0656BD8F-5503-44E5-A3D8-B6E7122C9586}.Debug|Any CPU.Build.0 = Debug|Any CPU
		{0656BD8F-5503-44E5-A3D8-B6E7122C9586}.Release|Any CPU.ActiveCfg = Release|Any CPU
		{0656BD8F-5503-44E5-A3D8-B6E7122C9586}.Release|Any CPU.Build.0 = Release|Any CPU
		{2162042C-11BD-4B5C-ADF1-E859B9841FEF}.Debug|Any CPU.ActiveCfg = Debug|Any CPU
		{2162042C-11BD-4B5C-ADF1-E859B9841FEF}.Debug|Any CPU.Build.0 = Debug|Any CPU
		{2162042C-11BD-4B5C-ADF1-E859B9841FEF}.Release|Any CPU.ActiveCfg = Release|Any CPU
		{2162042C-11BD-4B5C-ADF1-E859B9841FEF}.Release|Any CPU.Build.0 = Release|Any CPU
	EndGlobalSection
	GlobalSection(SolutionProperties) = preSolution
		HideSolutionNode = FALSE
	EndGlobalSection
	GlobalSection(ExtensibilityGlobals) = postSolution
		SolutionGuid = {E1E91055-41C0-4EA7-8B22-9CEA50DFE2E0}
	EndGlobalSection
EndGlobal
