
Microsoft Visual Studio Solution File, Format Version 12.00
# Visual Studio Version 16
VisualStudioVersion = 16.0.30523.141
MinimumVisualStudioVersion = 10.0.40219.1
Project("{9A19103F-16F7-4668-BE54-9A1E7A4F7556}") = "RankingApp", "RankingApp\RankingApp.csproj", "{304AE659-F286-4698-99AF-9F2E042BC8CE}"
EndProject
Project("{FAE04EC0-301F-11D3-BF4B-00C04F79EFBC}") = "WebApi", "WebApi\WebApi.csproj", "{B0BC2186-C842-4D40-BFA4-D9D77D7490C9}"
EndProject
Project("{FAE04EC0-301F-11D3-BF4B-00C04F79EFBC}") = "SharedData", "SharedData\SharedData.csproj", "{CDB7D84B-F7D9-44C8-9743-C7346B6AA33F}"
EndProject
Global
	GlobalSection(SolutionConfigurationPlatforms) = preSolution
		Debug|Any CPU = Debug|Any CPU
		Release|Any CPU = Release|Any CPU
	EndGlobalSection
	GlobalSection(ProjectConfigurationPlatforms) = postSolution
		{304AE659-F286-4698-99AF-9F2E042BC8CE}.Debug|Any CPU.ActiveCfg = Debug|Any CPU
		{304AE659-F286-4698-99AF-9F2E042BC8CE}.Debug|Any CPU.Build.0 = Debug|Any CPU
		{304AE659-F286-4698-99AF-9F2E042BC8CE}.Release|Any CPU.ActiveCfg = Release|Any CPU
		{304AE659-F286-4698-99AF-9F2E042BC8CE}.Release|Any CPU.Build.0 = Release|Any CPU
		{B0BC2186-C842-4D40-BFA4-D9D77D7490C9}.Debug|Any CPU.ActiveCfg = Debug|Any CPU
		{B0BC2186-C842-4D40-BFA4-D9D77D7490C9}.Debug|Any CPU.Build.0 = Debug|Any CPU
		{B0BC2186-C842-4D40-BFA4-D9D77D7490C9}.Release|Any CPU.ActiveCfg = Release|Any CPU
		{B0BC2186-C842-4D40-BFA4-D9D77D7490C9}.Release|Any CPU.Build.0 = Release|Any CPU
		{CDB7D84B-F7D9-44C8-9743-C7346B6AA33F}.Debug|Any CPU.ActiveCfg = Debug|Any CPU
		{CDB7D84B-F7D9-44C8-9743-C7346B6AA33F}.Debug|Any CPU.Build.0 = Debug|Any CPU
		{CDB7D84B-F7D9-44C8-9743-C7346B6AA33F}.Release|Any CPU.ActiveCfg = Release|Any CPU
		{CDB7D84B-F7D9-44C8-9743-C7346B6AA33F}.Release|Any CPU.Build.0 = Release|Any CPU
	EndGlobalSection
	GlobalSection(SolutionProperties) = preSolution
		HideSolutionNode = FALSE
	EndGlobalSection
	GlobalSection(ExtensibilityGlobals) = postSolution
		SolutionGuid = {83371551-4E38-4E96-B716-72BE96C41C07}
	EndGlobalSection
EndGlobal
