
Microsoft Visual Studio Solution File, Format Version 12.00
# Visual Studio Version 16
VisualStudioVersion = 16.0.30523.141
MinimumVisualStudioVersion = 10.0.40219.1
Project("{FAE04EC0-301F-11D3-BF4B-00C04F79EFBC}") = "RankingApp", "RankingApp\RankingApp.csproj", "{304AE659-F286-4698-99AF-9F2E042BC8CE}"
EndProject
Global
	GlobalSection(SolutionConfigurationPlatforms) = preSolution
		Debug|Any CPU = Debug|Any CPU
		Release|Any CPU = Release|Any CPU
	EndGlobalSection
	GlobalSection(ProjectConfigurationPlatforms) = postSolution
		{304AE659-F286-4698-99AF-9F2E042BC8CE}.Debug|Any CPU.ActiveCfg = Debug|Any CPU
		{304AE659-F286-4698-99AF-9F2E042BC8CE}.Debug|Any CPU.Build.0 = Debug|Any CPU
		{304AE659-F286-4698-99AF-9F2E042BC8CE}.Release|Any CPU.ActiveCfg = Release|Any CPU
		{304AE659-F286-4698-99AF-9F2E042BC8CE}.Release|Any CPU.Build.0 = Release|Any CPU
	EndGlobalSection
	GlobalSection(SolutionProperties) = preSolution
		HideSolutionNode = FALSE
	EndGlobalSection
	GlobalSection(ExtensibilityGlobals) = postSolution
		SolutionGuid = {83371551-4E38-4E96-B716-72BE96C41C07}
	EndGlobalSection
EndGlobal
